# THIS IS AN AUTOGENERATED FILE. DO NOT EDIT THIS FILE DIRECTLY.
# yarn lockfile v1


almond@~0.3.1:
  version "0.3.3"
  resolved "http://registry.npm.taobao.org/almond/download/almond-0.3.3.tgz#a0e7c95ac7624d6417b4494b1e68bff693168a20"

immutable@v4.0.0-rc.9:
  version "4.0.0-rc.9"
  resolved "http://registry.npm.taobao.org/immutable/download/immutable-4.0.0-rc.9.tgz#1e6e0094e649013ec3742d2b5aeeca5eeda4f0bf"

jquery-mousewheel@~3.1.13:
  version "3.1.13"
  resolved "http://registry.npm.taobao.org/jquery-mousewheel/download/jquery-mousewheel-3.1.13.tgz#06f0335f16e353a695e7206bf50503cb523a6ee5"

jquery@2.2.4:
  version "2.2.4"
  resolved "http://registry.npm.taobao.org/jquery/download/jquery-2.2.4.tgz#2c89d6889b5eac522a7eea32c14521559c6cbf02"

lodash@^4.17.4:
  version "4.17.4"
  resolved "http://registry.npm.taobao.org/lodash/download/lodash-4.17.4.tgz#78203a4d1c328ae1d86dca6460e369b57f4055ae"

select2@4.0.5:
  version "4.0.5"
  resolved "http://registry.npm.taobao.org/select2/download/select2-4.0.5.tgz#7aac50692561985b34d3b82ec55e226f8960d40a"
  dependencies:
    almond "~0.3.1"
    jquery-mousewheel "~3.1.13"
